
Microsoft Visual Studio Solution File, Format Version 12.00
# Visual Studio Version 17
VisualStudioVersion = 17.5.002.0
MinimumVisualStudioVersion = 10.0.40219.1
Project("{9A19103F-16F7-4668-BE54-9A1E7A4F7556}") = "BlazorProject", "BlazorProject.csproj", "{80BCCB3A-A808-4F51-B5E1-262828122F9A}"
EndProject
Global
	GlobalSection(SolutionConfigurationPlatforms) = preSolution
		Debug|Any CPU = Debug|Any CPU
		Release|Any CPU = Release|Any CPU
	EndGlobalSection
	GlobalSection(ProjectConfigurationPlatforms) = postSolution
		{80BCCB3A-A808-4F51-B5E1-262828122F9A}.Debug|Any CPU.ActiveCfg = Debug|Any CPU
		{80BCCB3A-A808-4F51-B5E1-262828122F9A}.Debug|Any CPU.Build.0 = Debug|Any CPU
		{80BCCB3A-A808-4F51-B5E1-262828122F9A}.Release|Any CPU.ActiveCfg = Release|Any CPU
		{80BCCB3A-A808-4F51-B5E1-262828122F9A}.Release|Any CPU.Build.0 = Release|Any CPU
	EndGlobalSection
	GlobalSection(SolutionProperties) = preSolution
		HideSolutionNode = FALSE
	EndGlobalSection
	GlobalSection(ExtensibilityGlobals) = postSolution
		SolutionGuid = {A7A2E98C-5765-4882-B0E2-3EFEF7B3BC65}
	EndGlobalSection
EndGlobal
