Microsoft Visual Studio Solution File, Format Version 12.00
# Visual Studio Version 17
VisualStudioVersion = 17.5.2.0
MinimumVisualStudioVersion = 10.0.40219.1
Project("{FAE04EC0-301F-11D3-BF4B-00C04F79EFBC}") = "BlocoDeNotasPWA", "BlocoDeNotasPWA.csproj", "{F09E54C4-FD86-5FC1-EC6E-F60511F6DFDB}"
EndProject
Global
	GlobalSection(SolutionConfigurationPlatforms) = preSolution
		Debug|Any CPU = Debug|Any CPU
		Release|Any CPU = Release|Any CPU
	EndGlobalSection
	GlobalSection(ProjectConfigurationPlatforms) = postSolution
		{F09E54C4-FD86-5FC1-EC6E-F60511F6DFDB}.Debug|Any CPU.ActiveCfg = Debug|Any CPU
		{F09E54C4-FD86-5FC1-EC6E-F60511F6DFDB}.Debug|Any CPU.Build.0 = Debug|Any CPU
		{F09E54C4-FD86-5FC1-EC6E-F60511F6DFDB}.Release|Any CPU.ActiveCfg = Release|Any CPU
		{F09E54C4-FD86-5FC1-EC6E-F60511F6DFDB}.Release|Any CPU.Build.0 = Release|Any CPU
	EndGlobalSection
	GlobalSection(SolutionProperties) = preSolution
		HideSolutionNode = FALSE
	EndGlobalSection
	GlobalSection(ExtensibilityGlobals) = postSolution
		SolutionGuid = {256BC3A4-C671-4ABF-AD38-B05802E7FC0B}
	EndGlobalSection
EndGlobal
